
Microsoft Visual Studio Solution File, Format Version 12.00
# Visual Studio Version 17
VisualStudioVersion = 17.7.34024.191
MinimumVisualStudioVersion = 10.0.40219.1
Project("{FAE04EC0-301F-11D3-BF4B-00C04F79EFBC}") = "Ejercicios2", "Ejercicios2.csproj", "{74AB8DAE-C661-4B92-878C-0CEA628CFDE6}"
EndProject
Global
	GlobalSection(SolutionConfigurationPlatforms) = preSolution
		Debug|Any CPU = Debug|Any CPU
		Release|Any CPU = Release|Any CPU
	EndGlobalSection
	GlobalSection(ProjectConfigurationPlatforms) = postSolution
		{74AB8DAE-C661-4B92-878C-0CEA628CFDE6}.Debug|Any CPU.ActiveCfg = Debug|Any CPU
		{74AB8DAE-C661-4B92-878C-0CEA628CFDE6}.Debug|Any CPU.Build.0 = Debug|Any CPU
		{74AB8DAE-C661-4B92-878C-0CEA628CFDE6}.Release|Any CPU.ActiveCfg = Release|Any CPU
		{74AB8DAE-C661-4B92-878C-0CEA628CFDE6}.Release|Any CPU.Build.0 = Release|Any CPU
	EndGlobalSection
	GlobalSection(SolutionProperties) = preSolution
		HideSolutionNode = FALSE
	EndGlobalSection
	GlobalSection(ExtensibilityGlobals) = postSolution
		SolutionGuid = {FBA259A8-D4FC-4A20-AC7B-FDFC5B291BC0}
	EndGlobalSection
EndGlobal
